{
  "originHash" : "8016d5109b81a457335ecc8c300f6c48c1286ba9b5f5ca48f8a82a7cec6d4080",
  "pins" : [
    {
      "identity" : "kingfisher",
      "kind" : "remoteSourceControl",
      "location" : "https://github.com/onevcat/Kingfisher",
      "state" : {
        "revision" : "c152c1915f60c51e4afa0752656993ee5b3c63db",
        "version" : "8.8.1"
      }
    },
    {
      "identity" : "vlckit-spm",
      "kind" : "remoteSourceControl",
      "location" : "https://github.com/tylerjonesio/vlckit-spm",
      "state" : {
        "revision" : "e932bbd488872fdb74f6654d28c2f291eae03daf",
        "version" : "3.6.0"
      }
    }
  ],
  "version" : 3
}
